{
  "originHash" : "e6541a2f1bc1f6ccc28046a73c6a0cec11f7e87e13b74508af15a5cd2f6a16e5",
  "pins" : [
    {
      "identity" : "highlightedtexteditor",
      "kind" : "remoteSourceControl",
      "location" : "https://github.com/kyle-n/HighlightedTextEditor.git",
      "state" : {
        "revision" : "759d7b4bd2c10d0bbe93bc62d68572a3702049e3",
        "version" : "2.1.2"
      }
    },
    {
      "identity" : "whatsnewkit",
      "kind" : "remoteSourceControl",
      "location" : "https://github.com/SvenTiigi/WhatsNewKit",
      "state" : {
        "revision" : "6157c77e8be9b3d2310bc680681b61a8d9e290ac",
        "version" : "2.2.1"
      }
    }
  ],
  "version" : 3
}
